
Microsoft Visual Studio Solution File, Format Version 12.00
# Visual Studio Version 17
VisualStudioVersion = 17.0.31903.59
MinimumVisualStudioVersion = 10.0.40219.1
Project("{2150E333-8FDC-42A3-9474-1A3956D46DE8}") = "src", "src", "{277357B8-C719-4C7C-BFE6-99B1F85EB690}"
EndProject
Project("{FAE04EC0-301F-11D3-BF4B-00C04F79EFBC}") = "Itinero.Transit", "src\Itinero.Transit\Itinero.Transit.csproj", "{3CC32160-0CF9-47DA-AAE1-A4ECE384A07D}"
EndProject
Project("{FAE04EC0-301F-11D3-BF4B-00C04F79EFBC}") = "Itinero.Transit.Geo", "src\Itinero.Transit.Geo\Itinero.Transit.Geo.csproj", "{0C7ACB16-2897-48B2-88E3-2E4B1F095B09}"
EndProject
Project("{2150E333-8FDC-42A3-9474-1A3956D46DE8}") = "test", "test", "{87DE2816-0A21-407E-9B41-F93F4B1E0316}"
EndProject
Project("{FAE04EC0-301F-11D3-BF4B-00C04F79EFBC}") = "Itinero.Transit.Test", "test\Itinero.Transit.Test\Itinero.Transit.Test.csproj", "{C2ED6855-76BD-4A4A-AC18-20DAC92E1CC6}"
EndProject
Project("{FAE04EC0-301F-11D3-BF4B-00C04F79EFBC}") = "Itinero.Transit.Test.Functional", "test\Itinero.Transit.Test.Functional\Itinero.Transit.Test.Functional.csproj", "{C22D8525-C319-4CD8-82F8-FE78D1864013}"
EndProject
Project("{2150E333-8FDC-42A3-9474-1A3956D46DE8}") = "root", "root", "{51E6B1D8-097F-4622-A3C2-B377C50901CB}"
	ProjectSection(SolutionItems) = preProject
		README.md = README.md
		LICENSE.md = LICENSE.md
		Itinero.Transit.sln = Itinero.Transit.sln
		.editorconfig = .editorconfig
	EndProjectSection
EndProject
Global
	GlobalSection(SolutionConfigurationPlatforms) = preSolution
		Debug|Any CPU = Debug|Any CPU
		Release|Any CPU = Release|Any CPU
	EndGlobalSection
	GlobalSection(SolutionProperties) = preSolution
		HideSolutionNode = FALSE
	EndGlobalSection
	GlobalSection(ProjectConfigurationPlatforms) = postSolution
		{3CC32160-0CF9-47DA-AAE1-A4ECE384A07D}.Debug|Any CPU.ActiveCfg = Debug|Any CPU
		{3CC32160-0CF9-47DA-AAE1-A4ECE384A07D}.Debug|Any CPU.Build.0 = Debug|Any CPU
		{3CC32160-0CF9-47DA-AAE1-A4ECE384A07D}.Release|Any CPU.ActiveCfg = Release|Any CPU
		{3CC32160-0CF9-47DA-AAE1-A4ECE384A07D}.Release|Any CPU.Build.0 = Release|Any CPU
		{0C7ACB16-2897-48B2-88E3-2E4B1F095B09}.Debug|Any CPU.ActiveCfg = Debug|Any CPU
		{0C7ACB16-2897-48B2-88E3-2E4B1F095B09}.Debug|Any CPU.Build.0 = Debug|Any CPU
		{0C7ACB16-2897-48B2-88E3-2E4B1F095B09}.Release|Any CPU.ActiveCfg = Release|Any CPU
		{0C7ACB16-2897-48B2-88E3-2E4B1F095B09}.Release|Any CPU.Build.0 = Release|Any CPU
		{C2ED6855-76BD-4A4A-AC18-20DAC92E1CC6}.Debug|Any CPU.ActiveCfg = Debug|Any CPU
		{C2ED6855-76BD-4A4A-AC18-20DAC92E1CC6}.Debug|Any CPU.Build.0 = Debug|Any CPU
		{C2ED6855-76BD-4A4A-AC18-20DAC92E1CC6}.Release|Any CPU.ActiveCfg = Release|Any CPU
		{C2ED6855-76BD-4A4A-AC18-20DAC92E1CC6}.Release|Any CPU.Build.0 = Release|Any CPU
		{C22D8525-C319-4CD8-82F8-FE78D1864013}.Debug|Any CPU.ActiveCfg = Debug|Any CPU
		{C22D8525-C319-4CD8-82F8-FE78D1864013}.Debug|Any CPU.Build.0 = Debug|Any CPU
		{C22D8525-C319-4CD8-82F8-FE78D1864013}.Release|Any CPU.ActiveCfg = Release|Any CPU
		{C22D8525-C319-4CD8-82F8-FE78D1864013}.Release|Any CPU.Build.0 = Release|Any CPU
	EndGlobalSection
	GlobalSection(NestedProjects) = preSolution
		{3CC32160-0CF9-47DA-AAE1-A4ECE384A07D} = {277357B8-C719-4C7C-BFE6-99B1F85EB690}
		{0C7ACB16-2897-48B2-88E3-2E4B1F095B09} = {277357B8-C719-4C7C-BFE6-99B1F85EB690}
		{C2ED6855-76BD-4A4A-AC18-20DAC92E1CC6} = {87DE2816-0A21-407E-9B41-F93F4B1E0316}
		{C22D8525-C319-4CD8-82F8-FE78D1864013} = {87DE2816-0A21-407E-9B41-F93F4B1E0316}
	EndGlobalSection
EndGlobal
