
Microsoft Visual Studio Solution File, Format Version 12.00
# Visual Studio 2013
VisualStudioVersion = 12.0.30723.0
MinimumVisualStudioVersion = 10.0.40219.1
Project("{FAE04EC0-301F-11D3-BF4B-00C04F79EFBC}") = "OsmSharp.Routing.Transit", "OsmSharp.Routing.Transit\OsmSharp.Routing.Transit.csproj", "{293D8019-9E89-4BCB-A857-24B92F48C22C}"
EndProject
Project("{FAE04EC0-301F-11D3-BF4B-00C04F79EFBC}") = "OsmSharp.Routing.Transit.Test", "OsmSharp.Routing.Transit.Test\OsmSharp.Routing.Transit.Test.csproj", "{B5672D6F-0A53-4426-ABC4-CB21DC0E3B34}"
EndProject
Global
	GlobalSection(SolutionConfigurationPlatforms) = preSolution
		Debug|Any CPU = Debug|Any CPU
		Debug|x64 = Debug|x64
		Release|Any CPU = Release|Any CPU
		Release|x64 = Release|x64
	EndGlobalSection
	GlobalSection(ProjectConfigurationPlatforms) = postSolution
		{293D8019-9E89-4BCB-A857-24B92F48C22C}.Debug|Any CPU.ActiveCfg = Debug|Any CPU
		{293D8019-9E89-4BCB-A857-24B92F48C22C}.Debug|Any CPU.Build.0 = Debug|Any CPU
		{293D8019-9E89-4BCB-A857-24B92F48C22C}.Debug|x64.ActiveCfg = Debug|x64
		{293D8019-9E89-4BCB-A857-24B92F48C22C}.Debug|x64.Build.0 = Debug|x64
		{293D8019-9E89-4BCB-A857-24B92F48C22C}.Release|Any CPU.ActiveCfg = Release|Any CPU
		{293D8019-9E89-4BCB-A857-24B92F48C22C}.Release|Any CPU.Build.0 = Release|Any CPU
		{293D8019-9E89-4BCB-A857-24B92F48C22C}.Release|x64.ActiveCfg = Release|x64
		{293D8019-9E89-4BCB-A857-24B92F48C22C}.Release|x64.Build.0 = Release|x64
		{B5672D6F-0A53-4426-ABC4-CB21DC0E3B34}.Debug|Any CPU.ActiveCfg = Debug|Any CPU
		{B5672D6F-0A53-4426-ABC4-CB21DC0E3B34}.Debug|Any CPU.Build.0 = Debug|Any CPU
		{B5672D6F-0A53-4426-ABC4-CB21DC0E3B34}.Debug|x64.ActiveCfg = Debug|x64
		{B5672D6F-0A53-4426-ABC4-CB21DC0E3B34}.Debug|x64.Build.0 = Debug|x64
		{B5672D6F-0A53-4426-ABC4-CB21DC0E3B34}.Release|Any CPU.ActiveCfg = Release|Any CPU
		{B5672D6F-0A53-4426-ABC4-CB21DC0E3B34}.Release|Any CPU.Build.0 = Release|Any CPU
		{B5672D6F-0A53-4426-ABC4-CB21DC0E3B34}.Release|x64.ActiveCfg = Release|x64
		{B5672D6F-0A53-4426-ABC4-CB21DC0E3B34}.Release|x64.Build.0 = Release|x64
	EndGlobalSection
	GlobalSection(SolutionProperties) = preSolution
		HideSolutionNode = FALSE
	EndGlobalSection
EndGlobal
